PODS:
  - Alamofire (5.4.1)
  - FSPagerView (0.8.3)
  - Kingfisher (6.1.1)

DEPENDENCIES:
  - Alamofire (~> 5.2)
  - FSPagerView
  - Kingfisher (~> 6.1)

SPEC REPOS:
  trunk:
    - Alamofire
    - FSPagerView
    - Kingfisher

SPEC CHECKSUMS:
  Alamofire: 2291f7d21ca607c491dd17642e5d40fdcda0e65c
  FSPagerView: 670405b2f18e2a87fa37f20b00de783e562c25a8
  Kingfisher: 676d63307fbef6ed5d5ed400bff36983480d7500

PODFILE CHECKSUM: 60106d40b836f53790ed96597b70cafc52725d3d

COCOAPODS: 1.10.0
